
Microsoft Visual Studio Solution File, Format Version 12.00
# Visual Studio Version 17
VisualStudioVersion = 17.9.34622.214
MinimumVisualStudioVersion = 10.0.40219.1
Project("{FAE04EC0-301F-11D3-BF4B-00C04F79EFBC}") = "C#Introduction", "C#Introduction\C#Introduction.csproj", "{7192E75B-1412-4EC7-B94F-88A40C0C147F}"
EndProject
Global
	GlobalSection(SolutionConfigurationPlatforms) = preSolution
		Debug|Any CPU = Debug|Any CPU
		Release|Any CPU = Release|Any CPU
	EndGlobalSection
	GlobalSection(ProjectConfigurationPlatforms) = postSolution
		{7192E75B-1412-4EC7-B94F-88A40C0C147F}.Debug|Any CPU.ActiveCfg = Debug|Any CPU
		{7192E75B-1412-4EC7-B94F-88A40C0C147F}.Debug|Any CPU.Build.0 = Debug|Any CPU
		{7192E75B-1412-4EC7-B94F-88A40C0C147F}.Release|Any CPU.ActiveCfg = Release|Any CPU
		{7192E75B-1412-4EC7-B94F-88A40C0C147F}.Release|Any CPU.Build.0 = Release|Any CPU
	EndGlobalSection
	GlobalSection(SolutionProperties) = preSolution
		HideSolutionNode = FALSE
	EndGlobalSection
	GlobalSection(ExtensibilityGlobals) = postSolution
		SolutionGuid = {21A5BD1B-83B8-45FC-B80B-1958A5453CAF}
	EndGlobalSection
EndGlobal
